<Solution>
  <Folder Name="/Shared/">
    <Project Path="src/Shared/Shared.Abstractions.Core/Shared.Abstractions.Core.csproj" />
    <Project Path="src/Shared/Shared.Abstractions.Cqrs/Shared.Abstractions.Cqrs.csproj" />
    <Project Path="src/Shared/Shared.Abstractions.Messaging/Shared.Abstractions.Messaging.csproj" />
    <Project Path="src/Shared/Shared.Infrastructure/Shared.Infrastructure.csproj" />
    <Project Path="src/Shared/Shared.Infrastructure.Cqrs/Shared.Infrastructure.Cqrs.csproj" />
    <Project Path="src/Shared/Shared.Infrastructure.Persistence/Shared.Infrastructure.Persistence.csproj" />
    <Project Path="src/Shared/Shared.Infrastructure.Web/Shared.Infrastructure.Web.csproj" />
  </Folder>
  <Folder Name="/Modules/" />
  <Folder Name="/Modules/DietPlanner/">
    <Project Path="src/Modules/DietPlanner/DietPlanner.Domain/DietPlanner.Domain.csproj" />
    <Project Path="src/Modules/DietPlanner/DietPlanner.Application/DietPlanner.Application.csproj" />
    <Project Path="src/Modules/DietPlanner/DietPlanner.Contracts/DietPlanner.Contracts.csproj" />
    <Project Path="src/Modules/DietPlanner/DietPlanner.Infrastructure/DietPlanner.Infrastructure.csproj" />
    <Project Path="src/Modules/DietPlanner/DietPlanner.Api/DietPlanner.Api.csproj" />
  </Folder>
  <Folder Name="/Host/">
    <Project Path="src/Apis/HomeSystem.REST/HomeSystem.REST.csproj" />
  </Folder>
  <Folder Name="/Tests/">
    <Project Path="src/Modules/DietPlanner/DietPlanner.IntegrationTests/DietPlanner.IntegrationTests.csproj" />
    <Project Path="src/Modules/DietPlanner/DietPlanner.UnitTests/DietPlanner.UnitTests.csproj" />
  </Folder>
</Solution>
